// !$*UTF8*$!
{
	archiveVersion = 1;
	classes = {
	};
	objectVersion = 56;
	objects = {

/* Begin PBXBuildFile section */
		A1533DA42C4A5E720097B977 /* CustomDataTypesSwiftApp.swift in Sources */ = {isa = PBXBuildFile; fileRef = A1533DA32C4A5E720097B977 /* CustomDataTypesSwiftApp.swift */; };
		A1533DA62C4A5E720097B977 /* ContentView.swift in Sources */ = {isa = PBXBuildFile; fileRef = A1533DA52C4A5E720097B977 /* ContentView.swift */; };
		A1533DA82C4A5E740097B977 /* Assets.xcassets in Resources */ = {isa = PBXBuildFile; fileRef = A1533DA72C4A5E740097B977 /* Assets.xcassets */; };
		A1533DAB2C4A5E740097B977 /* Preview Assets.xcassets in Resources */ = {isa = PBXBuildFile; fileRef = A1533DAA2C4A5E740097B977 /* Preview Assets.xcassets */; };
		A1533DB22C4A5ED90097B977 /* Stack.swift in Sources */ = {isa = PBXBuildFile; fileRef = A1533DB12C4A5ED90097B977 /* Stack.swift */; };
		A1533DBD2C4A67460097B977 /* StackSwiftTests.swift in Sources */ = {isa = PBXBuildFile; fileRef = A1533DBC2C4A67460097B977 /* StackSwiftTests.swift */; };
		A1533DC42C4A6E1F0097B977 /* Queue.swift in Sources */ = {isa = PBXBuildFile; fileRef = A1533DC32C4A6E1F0097B977 /* Queue.swift */; };
		A1533DCC2C4A70E90097B977 /* QueueSwiftTests.swift in Sources */ = {isa = PBXBuildFile; fileRef = A1533DCB2C4A70E90097B977 /* QueueSwiftTests.swift */; };
		A1533DD32C4A7B200097B977 /* ContaiterProtocol.swift in Sources */ = {isa = PBXBuildFile; fileRef = A1533DD22C4A7B200097B977 /* ContaiterProtocol.swift */; };
		A1533DD52C4A84A90097B977 /* Opaque.swift in Sources */ = {isa = PBXBuildFile; fileRef = A1533DD42C4A84A90097B977 /* Opaque.swift */; };
/* End PBXBuildFile section */

/* Begin PBXContainerItemProxy section */
		A1533DBE2C4A67460097B977 /* PBXContainerItemProxy */ = {
			isa = PBXContainerItemProxy;
			containerPortal = A1533D982C4A5E720097B977 /* Project object */;
			proxyType = 1;
			remoteGlobalIDString = A1533D9F2C4A5E720097B977;
			remoteInfo = CustomDataTypesSwift;
		};
		A1533DCD2C4A70E90097B977 /* PBXContainerItemProxy */ = {
			isa = PBXContainerItemProxy;
			containerPortal = A1533D982C4A5E720097B977 /* Project object */;
			proxyType = 1;
			remoteGlobalIDString = A1533D9F2C4A5E720097B977;
			remoteInfo = CustomDataTypesSwift;
		};
/* End PBXContainerItemProxy section */

/* Begin PBXFileReference section */
		A1533DA02C4A5E720097B977 /* CustomDataTypesSwift.app */ = {isa = PBXFileReference; explicitFileType = wrapper.application; includeInIndex = 0; path = CustomDataTypesSwift.app; sourceTree = BUILT_PRODUCTS_DIR; };
		A1533DA32C4A5E720097B977 /* CustomDataTypesSwiftApp.swift */ = {isa = PBXFileReference; lastKnownFileType = sourcecode.swift; path = CustomDataTypesSwiftApp.swift; sourceTree = "<group>"; };
		A1533DA52C4A5E720097B977 /* ContentView.swift */ = {isa = PBXFileReference; lastKnownFileType = sourcecode.swift; path = ContentView.swift; sourceTree = "<group>"; };
		A1533DA72C4A5E740097B977 /* Assets.xcassets */ = {isa = PBXFileReference; lastKnownFileType = folder.assetcatalog; path = Assets.xcassets; sourceTree = "<group>"; };
		A1533DAA2C4A5E740097B977 /* Preview Assets.xcassets */ = {isa = PBXFileReference; lastKnownFileType = folder.assetcatalog; path = "Preview Assets.xcassets"; sourceTree = "<group>"; };
		A1533DB12C4A5ED90097B977 /* Stack.swift */ = {isa = PBXFileReference; lastKnownFileType = sourcecode.swift; path = Stack.swift; sourceTree = "<group>"; };
		A1533DBA2C4A67460097B977 /* StackSwiftTests.xctest */ = {isa = PBXFileReference; explicitFileType = wrapper.cfbundle; includeInIndex = 0; path = StackSwiftTests.xctest; sourceTree = BUILT_PRODUCTS_DIR; };
		A1533DBC2C4A67460097B977 /* StackSwiftTests.swift */ = {isa = PBXFileReference; lastKnownFileType = sourcecode.swift; path = StackSwiftTests.swift; sourceTree = "<group>"; };
		A1533DC32C4A6E1F0097B977 /* Queue.swift */ = {isa = PBXFileReference; lastKnownFileType = sourcecode.swift; path = Queue.swift; sourceTree = "<group>"; };
		A1533DC92C4A70E90097B977 /* QueueSwiftTests.xctest */ = {isa = PBXFileReference; explicitFileType = wrapper.cfbundle; includeInIndex = 0; path = QueueSwiftTests.xctest; sourceTree = BUILT_PRODUCTS_DIR; };
		A1533DCB2C4A70E90097B977 /* QueueSwiftTests.swift */ = {isa = PBXFileReference; lastKnownFileType = sourcecode.swift; path = QueueSwiftTests.swift; sourceTree = "<group>"; };
		A1533DD22C4A7B200097B977 /* ContaiterProtocol.swift */ = {isa = PBXFileReference; lastKnownFileType = sourcecode.swift; path = ContaiterProtocol.swift; sourceTree = "<group>"; };
		A1533DD42C4A84A90097B977 /* Opaque.swift */ = {isa = PBXFileReference; lastKnownFileType = sourcecode.swift; path = Opaque.swift; sourceTree = "<group>"; };
/* End PBXFileReference section */

/* Begin PBXFrameworksBuildPhase section */
		A1533D9D2C4A5E720097B977 /* Frameworks */ = {
			isa = PBXFrameworksBuildPhase;
			buildActionMask = 2147483647;
			files = (
			);
			runOnlyForDeploymentPostprocessing = 0;
		};
		A1533DB72C4A67460097B977 /* Frameworks */ = {
			isa = PBXFrameworksBuildPhase;
			buildActionMask = 2147483647;
			files = (
			);
			runOnlyForDeploymentPostprocessing = 0;
		};
		A1533DC62C4A70E90097B977 /* Frameworks */ = {
			isa = PBXFrameworksBuildPhase;
			buildActionMask = 2147483647;
			files = (
			);
			runOnlyForDeploymentPostprocessing = 0;
		};
/* End PBXFrameworksBuildPhase section */

/* Begin PBXGroup section */
		A1533D972C4A5E720097B977 = {
			isa = PBXGroup;
			children = (
				A1533DA22C4A5E720097B977 /* CustomDataTypesSwift */,
				A1533DBB2C4A67460097B977 /* StackSwiftTests */,
				A1533DCA2C4A70E90097B977 /* QueueSwiftTests */,
				A1533DA12C4A5E720097B977 /* Products */,
			);
			sourceTree = "<group>";
		};
		A1533DA12C4A5E720097B977 /* Products */ = {
			isa = PBXGroup;
			children = (
				A1533DA02C4A5E720097B977 /* CustomDataTypesSwift.app */,
				A1533DBA2C4A67460097B977 /* StackSwiftTests.xctest */,
				A1533DC92C4A70E90097B977 /* QueueSwiftTests.xctest */,
			);
			name = Products;
			sourceTree = "<group>";
		};
		A1533DA22C4A5E720097B977 /* CustomDataTypesSwift */ = {
			isa = PBXGroup;
			children = (
				A1533DA32C4A5E720097B977 /* CustomDataTypesSwiftApp.swift */,
				A1533DA52C4A5E720097B977 /* ContentView.swift */,
				A1533DB12C4A5ED90097B977 /* Stack.swift */,
				A1533DC32C4A6E1F0097B977 /* Queue.swift */,
				A1533DD22C4A7B200097B977 /* ContaiterProtocol.swift */,
				A1533DD42C4A84A90097B977 /* Opaque.swift */,
				A1533DA72C4A5E740097B977 /* Assets.xcassets */,
				A1533DA92C4A5E740097B977 /* Preview Content */,
			);
			path = CustomDataTypesSwift;
			sourceTree = "<group>";
		};
		A1533DA92C4A5E740097B977 /* Preview Content */ = {
			isa = PBXGroup;
			children = (
				A1533DAA2C4A5E740097B977 /* Preview Assets.xcassets */,
			);
			path = "Preview Content";
			sourceTree = "<group>";
		};
		A1533DBB2C4A67460097B977 /* StackSwiftTests */ = {
			isa = PBXGroup;
			children = (
				A1533DBC2C4A67460097B977 /* StackSwiftTests.swift */,
			);
			path = StackSwiftTests;
			sourceTree = "<group>";
		};
		A1533DCA2C4A70E90097B977 /* QueueSwiftTests */ = {
			isa = PBXGroup;
			children = (
				A1533DCB2C4A70E90097B977 /* QueueSwiftTests.swift */,
			);
			path = QueueSwiftTests;
			sourceTree = "<group>";
		};
/* End PBXGroup section */

/* Begin PBXNativeTarget section */
		A1533D9F2C4A5E720097B977 /* CustomDataTypesSwift */ = {
			isa = PBXNativeTarget;
			buildConfigurationList = A1533DAE2C4A5E740097B977 /* Build configuration list for PBXNativeTarget "CustomDataTypesSwift" */;
			buildPhases = (
				A1533D9C2C4A5E720097B977 /* Sources */,
				A1533D9D2C4A5E720097B977 /* Frameworks */,
				A1533D9E2C4A5E720097B977 /* Resources */,
			);
			buildRules = (
			);
			dependencies = (
			);
			name = CustomDataTypesSwift;
			productName = CustomDataTypesSwift;
			productReference = A1533DA02C4A5E720097B977 /* CustomDataTypesSwift.app */;
			productType = "com.apple.product-type.application";
		};
		A1533DB92C4A67460097B977 /* StackSwiftTests */ = {
			isa = PBXNativeTarget;
			buildConfigurationList = A1533DC02C4A67460097B977 /* Build configuration list for PBXNativeTarget "StackSwiftTests" */;
			buildPhases = (
				A1533DB62C4A67460097B977 /* Sources */,
				A1533DB72C4A67460097B977 /* Frameworks */,
				A1533DB82C4A67460097B977 /* Resources */,
			);
			buildRules = (
			);
			dependencies = (
				A1533DBF2C4A67460097B977 /* PBXTargetDependency */,
			);
			name = StackSwiftTests;
			productName = StackSwiftTests;
			productReference = A1533DBA2C4A67460097B977 /* StackSwiftTests.xctest */;
			productType = "com.apple.product-type.bundle.unit-test";
		};
		A1533DC82C4A70E90097B977 /* QueueSwiftTests */ = {
			isa = PBXNativeTarget;
			buildConfigurationList = A1533DCF2C4A70E90097B977 /* Build configuration list for PBXNativeTarget "QueueSwiftTests" */;
			buildPhases = (
				A1533DC52C4A70E90097B977 /* Sources */,
				A1533DC62C4A70E90097B977 /* Frameworks */,
				A1533DC72C4A70E90097B977 /* Resources */,
			);
			buildRules = (
			);
			dependencies = (
				A1533DCE2C4A70E90097B977 /* PBXTargetDependency */,
			);
			name = QueueSwiftTests;
			productName = QueueSwiftTests;
			productReference = A1533DC92C4A70E90097B977 /* QueueSwiftTests.xctest */;
			productType = "com.apple.product-type.bundle.unit-test";
		};
/* End PBXNativeTarget section */

/* Begin PBXProject section */
		A1533D982C4A5E720097B977 /* Project object */ = {
			isa = PBXProject;
			attributes = {
				BuildIndependentTargetsInParallel = 1;
				LastSwiftUpdateCheck = 1520;
				LastUpgradeCheck = 1520;
				TargetAttributes = {
					A1533D9F2C4A5E720097B977 = {
						CreatedOnToolsVersion = 15.2;
					};
					A1533DB92C4A67460097B977 = {
						CreatedOnToolsVersion = 15.2;
						TestTargetID = A1533D9F2C4A5E720097B977;
					};
					A1533DC82C4A70E90097B977 = {
						CreatedOnToolsVersion = 15.2;
						TestTargetID = A1533D9F2C4A5E720097B977;
					};
				};
			};
			buildConfigurationList = A1533D9B2C4A5E720097B977 /* Build configuration list for PBXProject "CustomDataTypesSwift" */;
			compatibilityVersion = "Xcode 14.0";
			developmentRegion = en;
			hasScannedForEncodings = 0;
			knownRegions = (
				en,
				Base,
			);
			mainGroup = A1533D972C4A5E720097B977;
			productRefGroup = A1533DA12C4A5E720097B977 /* Products */;
			projectDirPath = "";
			projectRoot = "";
			targets = (
				A1533D9F2C4A5E720097B977 /* CustomDataTypesSwift */,
				A1533DB92C4A67460097B977 /* StackSwiftTests */,
				A1533DC82C4A70E90097B977 /* QueueSwiftTests */,
			);
		};
/* End PBXProject section */

/* Begin PBXResourcesBuildPhase section */
		A1533D9E2C4A5E720097B977 /* Resources */ = {
			isa = PBXResourcesBuildPhase;
			buildActionMask = 2147483647;
			files = (
				A1533DAB2C4A5E740097B977 /* Preview Assets.xcassets in Resources */,
				A1533DA82C4A5E740097B977 /* Assets.xcassets in Resources */,
			);
			runOnlyForDeploymentPostprocessing = 0;
		};
		A1533DB82C4A67460097B977 /* Resources */ = {
			isa = PBXResourcesBuildPhase;
			buildActionMask = 2147483647;
			files = (
			);
			runOnlyForDeploymentPostprocessing = 0;
		};
		A1533DC72C4A70E90097B977 /* Resources */ = {
			isa = PBXResourcesBuildPhase;
			buildActionMask = 2147483647;
			files = (
			);
			runOnlyForDeploymentPostprocessing = 0;
		};
/* End PBXResourcesBuildPhase section */

/* Begin PBXSourcesBuildPhase section */
		A1533D9C2C4A5E720097B977 /* Sources */ = {
			isa = PBXSourcesBuildPhase;
			buildActionMask = 2147483647;
			files = (
				A1533DA62C4A5E720097B977 /* ContentView.swift in Sources */,
				A1533DB22C4A5ED90097B977 /* Stack.swift in Sources */,
				A1533DA42C4A5E720097B977 /* CustomDataTypesSwiftApp.swift in Sources */,
				A1533DC42C4A6E1F0097B977 /* Queue.swift in Sources */,
				A1533DD52C4A84A90097B977 /* Opaque.swift in Sources */,
				A1533DD32C4A7B200097B977 /* ContaiterProtocol.swift in Sources */,
			);
			runOnlyForDeploymentPostprocessing = 0;
		};
		A1533DB62C4A67460097B977 /* Sources */ = {
			isa = PBXSourcesBuildPhase;
			buildActionMask = 2147483647;
			files = (
				A1533DBD2C4A67460097B977 /* StackSwiftTests.swift in Sources */,
			);
			runOnlyForDeploymentPostprocessing = 0;
		};
		A1533DC52C4A70E90097B977 /* Sources */ = {
			isa = PBXSourcesBuildPhase;
			buildActionMask = 2147483647;
			files = (
				A1533DCC2C4A70E90097B977 /* QueueSwiftTests.swift in Sources */,
			);
			runOnlyForDeploymentPostprocessing = 0;
		};
/* End PBXSourcesBuildPhase section */

/* Begin PBXTargetDependency section */
		A1533DBF2C4A67460097B977 /* PBXTargetDependency */ = {
			isa = PBXTargetDependency;
			target = A1533D9F2C4A5E720097B977 /* CustomDataTypesSwift */;
			targetProxy = A1533DBE2C4A67460097B977 /* PBXContainerItemProxy */;
		};
		A1533DCE2C4A70E90097B977 /* PBXTargetDependency */ = {
			isa = PBXTargetDependency;
			target = A1533D9F2C4A5E720097B977 /* CustomDataTypesSwift */;
			targetProxy = A1533DCD2C4A70E90097B977 /* PBXContainerItemProxy */;
		};
/* End PBXTargetDependency section */

/* Begin XCBuildConfiguration section */
		A1533DAC2C4A5E740097B977 /* Debug */ = {
			isa = XCBuildConfiguration;
			buildSettings = {
				ALWAYS_SEARCH_USER_PATHS = NO;
				ASSETCATALOG_COMPILER_GENERATE_SWIFT_ASSET_SYMBOL_EXTENSIONS = YES;
				CLANG_ANALYZER_NONNULL = YES;
				CLANG_ANALYZER_NUMBER_OBJECT_CONVERSION = YES_AGGRESSIVE;
				CLANG_CXX_LANGUAGE_STANDARD = "gnu++20";
				CLANG_ENABLE_MODULES = YES;
				CLANG_ENABLE_OBJC_ARC = YES;
				CLANG_ENABLE_OBJC_WEAK = YES;
				CLANG_WARN_BLOCK_CAPTURE_AUTORELEASING = YES;
				CLANG_WARN_BOOL_CONVERSION = YES;
				CLANG_WARN_COMMA = YES;
				CLANG_WARN_CONSTANT_CONVERSION = YES;
				CLANG_WARN_DEPRECATED_OBJC_IMPLEMENTATIONS = YES;
				CLANG_WARN_DIRECT_OBJC_ISA_USAGE = YES_ERROR;
				CLANG_WARN_DOCUMENTATION_COMMENTS = YES;
				CLANG_WARN_EMPTY_BODY = YES;
				CLANG_WARN_ENUM_CONVERSION = YES;
				CLANG_WARN_INFINITE_RECURSION = YES;
				CLANG_WARN_INT_CONVERSION = YES;
				CLANG_WARN_NON_LITERAL_NULL_CONVERSION = YES;
				CLANG_WARN_OBJC_IMPLICIT_RETAIN_SELF = YES;
				CLANG_WARN_OBJC_LITERAL_CONVERSION = YES;
				CLANG_WARN_OBJC_ROOT_CLASS = YES_ERROR;
				CLANG_WARN_QUOTED_INCLUDE_IN_FRAMEWORK_HEADER = YES;
				CLANG_WARN_RANGE_LOOP_ANALYSIS = YES;
				CLANG_WARN_STRICT_PROTOTYPES = YES;
				CLANG_WARN_SUSPICIOUS_MOVE = YES;
				CLANG_WARN_UNGUARDED_AVAILABILITY = YES_AGGRESSIVE;
				CLANG_WARN_UNREACHABLE_CODE = YES;
				CLANG_WARN__DUPLICATE_METHOD_MATCH = YES;
				COPY_PHASE_STRIP = NO;
				DEBUG_INFORMATION_FORMAT = dwarf;
				ENABLE_STRICT_OBJC_MSGSEND = YES;
				ENABLE_TESTABILITY = YES;
				ENABLE_USER_SCRIPT_SANDBOXING = YES;
				GCC_C_LANGUAGE_STANDARD = gnu17;
				GCC_DYNAMIC_NO_PIC = NO;
				GCC_NO_COMMON_BLOCKS = YES;
				GCC_OPTIMIZATION_LEVEL = 0;
				GCC_PREPROCESSOR_DEFINITIONS = (
					"DEBUG=1",
					"$(inherited)",
				);
				GCC_WARN_64_TO_32_BIT_CONVERSION = YES;
				GCC_WARN_ABOUT_RETURN_TYPE = YES_ERROR;
				GCC_WARN_UNDECLARED_SELECTOR = YES;
				GCC_WARN_UNINITIALIZED_AUTOS = YES_AGGRESSIVE;
				GCC_WARN_UNUSED_FUNCTION = YES;
				GCC_WARN_UNUSED_VARIABLE = YES;
				IPHONEOS_DEPLOYMENT_TARGET = 17.2;
				LOCALIZATION_PREFERS_STRING_CATALOGS = YES;
				MTL_ENABLE_DEBUG_INFO = INCLUDE_SOURCE;
				MTL_FAST_MATH = YES;
				ONLY_ACTIVE_ARCH = YES;
				SDKROOT = iphoneos;
				SWIFT_ACTIVE_COMPILATION_CONDITIONS = "DEBUG $(inherited)";
				SWIFT_OPTIMIZATION_LEVEL = "-Onone";
			};
			name = Debug;
		};
		A1533DAD2C4A5E740097B977 /* Release */ = {
			isa = XCBuildConfiguration;
			buildSettings = {
				ALWAYS_SEARCH_USER_PATHS = NO;
				ASSETCATALOG_COMPILER_GENERATE_SWIFT_ASSET_SYMBOL_EXTENSIONS = YES;
				CLANG_ANALYZER_NONNULL = YES;
				CLANG_ANALYZER_NUMBER_OBJECT_CONVERSION = YES_AGGRESSIVE;
				CLANG_CXX_LANGUAGE_STANDARD = "gnu++20";
				CLANG_ENABLE_MODULES = YES;
				CLANG_ENABLE_OBJC_ARC = YES;
				CLANG_ENABLE_OBJC_WEAK = YES;
				CLANG_WARN_BLOCK_CAPTURE_AUTORELEASING = YES;
				CLANG_WARN_BOOL_CONVERSION = YES;
				CLANG_WARN_COMMA = YES;
				CLANG_WARN_CONSTANT_CONVERSION = YES;
				CLANG_WARN_DEPRECATED_OBJC_IMPLEMENTATIONS = YES;
				CLANG_WARN_DIRECT_OBJC_ISA_USAGE = YES_ERROR;
				CLANG_WARN_DOCUMENTATION_COMMENTS = YES;
				CLANG_WARN_EMPTY_BODY = YES;
				CLANG_WARN_ENUM_CONVERSION = YES;
				CLANG_WARN_INFINITE_RECURSION = YES;
				CLANG_WARN_INT_CONVERSION = YES;
				CLANG_WARN_NON_LITERAL_NULL_CONVERSION = YES;
				CLANG_WARN_OBJC_IMPLICIT_RETAIN_SELF = YES;
				CLANG_WARN_OBJC_LITERAL_CONVERSION = YES;
				CLANG_WARN_OBJC_ROOT_CLASS = YES_ERROR;
				CLANG_WARN_QUOTED_INCLUDE_IN_FRAMEWORK_HEADER = YES;
				CLANG_WARN_RANGE_LOOP_ANALYSIS = YES;
				CLANG_WARN_STRICT_PROTOTYPES = YES;
				CLANG_WARN_SUSPICIOUS_MOVE = YES;
				CLANG_WARN_UNGUARDED_AVAILABILITY = YES_AGGRESSIVE;
				CLANG_WARN_UNREACHABLE_CODE = YES;
				CLANG_WARN__DUPLICATE_METHOD_MATCH = YES;
				COPY_PHASE_STRIP = NO;
				DEBUG_INFORMATION_FORMAT = "dwarf-with-dsym";
				ENABLE_NS_ASSERTIONS = NO;
				ENABLE_STRICT_OBJC_MSGSEND = YES;
				ENABLE_USER_SCRIPT_SANDBOXING = YES;
				GCC_C_LANGUAGE_STANDARD = gnu17;
				GCC_NO_COMMON_BLOCKS = YES;
				GCC_WARN_64_TO_32_BIT_CONVERSION = YES;
				GCC_WARN_ABOUT_RETURN_TYPE = YES_ERROR;
				GCC_WARN_UNDECLARED_SELECTOR = YES;
				GCC_WARN_UNINITIALIZED_AUTOS = YES_AGGRESSIVE;
				GCC_WARN_UNUSED_FUNCTION = YES;
				GCC_WARN_UNUSED_VARIABLE = YES;
				IPHONEOS_DEPLOYMENT_TARGET = 17.2;
				LOCALIZATION_PREFERS_STRING_CATALOGS = YES;
				MTL_ENABLE_DEBUG_INFO = NO;
				MTL_FAST_MATH = YES;
				SDKROOT = iphoneos;
				SWIFT_COMPILATION_MODE = wholemodule;
				VALIDATE_PRODUCT = YES;
			};
			name = Release;
		};
		A1533DAF2C4A5E740097B977 /* Debug */ = {
			isa = XCBuildConfiguration;
			buildSettings = {
				ASSETCATALOG_COMPILER_APPICON_NAME = AppIcon;
				ASSETCATALOG_COMPILER_GLOBAL_ACCENT_COLOR_NAME = AccentColor;
				CODE_SIGN_STYLE = Automatic;
				CURRENT_PROJECT_VERSION = 1;
				DEVELOPMENT_ASSET_PATHS = "\"CustomDataTypesSwift/Preview Content\"";
				DEVELOPMENT_TEAM = HDWNKQ472C;
				ENABLE_PREVIEWS = YES;
				GENERATE_INFOPLIST_FILE = YES;
				INFOPLIST_KEY_UIApplicationSceneManifest_Generation = YES;
				INFOPLIST_KEY_UIApplicationSupportsIndirectInputEvents = YES;
				INFOPLIST_KEY_UILaunchScreen_Generation = YES;
				INFOPLIST_KEY_UISupportedInterfaceOrientations_iPad = "UIInterfaceOrientationPortrait UIInterfaceOrientationPortraitUpsideDown UIInterfaceOrientationLandscapeLeft UIInterfaceOrientationLandscapeRight";
				INFOPLIST_KEY_UISupportedInterfaceOrientations_iPhone = "UIInterfaceOrientationPortrait UIInterfaceOrientationLandscapeLeft UIInterfaceOrientationLandscapeRight";
				LD_RUNPATH_SEARCH_PATHS = (
					"$(inherited)",
					"@executable_path/Frameworks",
				);
				MARKETING_VERSION = 1.0;
				PRODUCT_BUNDLE_IDENTIFIER = Nikita12G.CustomDataTypesSwift;
				PRODUCT_NAME = "$(TARGET_NAME)";
				SWIFT_EMIT_LOC_STRINGS = YES;
				SWIFT_VERSION = 5.0;
				TARGETED_DEVICE_FAMILY = "1,2";
			};
			name = Debug;
		};
		A1533DB02C4A5E740097B977 /* Release */ = {
			isa = XCBuildConfiguration;
			buildSettings = {
				ASSETCATALOG_COMPILER_APPICON_NAME = AppIcon;
				ASSETCATALOG_COMPILER_GLOBAL_ACCENT_COLOR_NAME = AccentColor;
				CODE_SIGN_STYLE = Automatic;
				CURRENT_PROJECT_VERSION = 1;
				DEVELOPMENT_ASSET_PATHS = "\"CustomDataTypesSwift/Preview Content\"";
				DEVELOPMENT_TEAM = HDWNKQ472C;
				ENABLE_PREVIEWS = YES;
				GENERATE_INFOPLIST_FILE = YES;
				INFOPLIST_KEY_UIApplicationSceneManifest_Generation = YES;
				INFOPLIST_KEY_UIApplicationSupportsIndirectInputEvents = YES;
				INFOPLIST_KEY_UILaunchScreen_Generation = YES;
				INFOPLIST_KEY_UISupportedInterfaceOrientations_iPad = "UIInterfaceOrientationPortrait UIInterfaceOrientationPortraitUpsideDown UIInterfaceOrientationLandscapeLeft UIInterfaceOrientationLandscapeRight";
				INFOPLIST_KEY_UISupportedInterfaceOrientations_iPhone = "UIInterfaceOrientationPortrait UIInterfaceOrientationLandscapeLeft UIInterfaceOrientationLandscapeRight";
				LD_RUNPATH_SEARCH_PATHS = (
					"$(inherited)",
					"@executable_path/Frameworks",
				);
				MARKETING_VERSION = 1.0;
				PRODUCT_BUNDLE_IDENTIFIER = Nikita12G.CustomDataTypesSwift;
				PRODUCT_NAME = "$(TARGET_NAME)";
				SWIFT_EMIT_LOC_STRINGS = YES;
				SWIFT_VERSION = 5.0;
				TARGETED_DEVICE_FAMILY = "1,2";
			};
			name = Release;
		};
		A1533DC12C4A67460097B977 /* Debug */ = {
			isa = XCBuildConfiguration;
			buildSettings = {
				BUNDLE_LOADER = "$(TEST_HOST)";
				CODE_SIGN_STYLE = Automatic;
				CURRENT_PROJECT_VERSION = 1;
				DEVELOPMENT_TEAM = HDWNKQ472C;
				GENERATE_INFOPLIST_FILE = YES;
				MARKETING_VERSION = 1.0;
				PRODUCT_BUNDLE_IDENTIFIER = Nikita12G.StackSwiftTests;
				PRODUCT_NAME = "$(TARGET_NAME)";
				SWIFT_EMIT_LOC_STRINGS = NO;
				SWIFT_VERSION = 5.0;
				TARGETED_DEVICE_FAMILY = "1,2";
				TEST_HOST = "$(BUILT_PRODUCTS_DIR)/CustomDataTypesSwift.app/$(BUNDLE_EXECUTABLE_FOLDER_PATH)/CustomDataTypesSwift";
			};
			name = Debug;
		};
		A1533DC22C4A67460097B977 /* Release */ = {
			isa = XCBuildConfiguration;
			buildSettings = {
				BUNDLE_LOADER = "$(TEST_HOST)";
				CODE_SIGN_STYLE = Automatic;
				CURRENT_PROJECT_VERSION = 1;
				DEVELOPMENT_TEAM = HDWNKQ472C;
				GENERATE_INFOPLIST_FILE = YES;
				MARKETING_VERSION = 1.0;
				PRODUCT_BUNDLE_IDENTIFIER = Nikita12G.StackSwiftTests;
				PRODUCT_NAME = "$(TARGET_NAME)";
				SWIFT_EMIT_LOC_STRINGS = NO;
				SWIFT_VERSION = 5.0;
				TARGETED_DEVICE_FAMILY = "1,2";
				TEST_HOST = "$(BUILT_PRODUCTS_DIR)/CustomDataTypesSwift.app/$(BUNDLE_EXECUTABLE_FOLDER_PATH)/CustomDataTypesSwift";
			};
			name = Release;
		};
		A1533DD02C4A70E90097B977 /* Debug */ = {
			isa = XCBuildConfiguration;
			buildSettings = {
				BUNDLE_LOADER = "$(TEST_HOST)";
				CODE_SIGN_STYLE = Automatic;
				CURRENT_PROJECT_VERSION = 1;
				DEVELOPMENT_TEAM = HDWNKQ472C;
				GENERATE_INFOPLIST_FILE = YES;
				MARKETING_VERSION = 1.0;
				PRODUCT_BUNDLE_IDENTIFIER = Nikita12G.QueueSwiftTests;
				PRODUCT_NAME = "$(TARGET_NAME)";
				SWIFT_EMIT_LOC_STRINGS = NO;
				SWIFT_VERSION = 5.0;
				TARGETED_DEVICE_FAMILY = "1,2";
				TEST_HOST = "$(BUILT_PRODUCTS_DIR)/CustomDataTypesSwift.app/$(BUNDLE_EXECUTABLE_FOLDER_PATH)/CustomDataTypesSwift";
			};
			name = Debug;
		};
		A1533DD12C4A70E90097B977 /* Release */ = {
			isa = XCBuildConfiguration;
			buildSettings = {
				BUNDLE_LOADER = "$(TEST_HOST)";
				CODE_SIGN_STYLE = Automatic;
				CURRENT_PROJECT_VERSION = 1;
				DEVELOPMENT_TEAM = HDWNKQ472C;
				GENERATE_INFOPLIST_FILE = YES;
				MARKETING_VERSION = 1.0;
				PRODUCT_BUNDLE_IDENTIFIER = Nikita12G.QueueSwiftTests;
				PRODUCT_NAME = "$(TARGET_NAME)";
				SWIFT_EMIT_LOC_STRINGS = NO;
				SWIFT_VERSION = 5.0;
				TARGETED_DEVICE_FAMILY = "1,2";
				TEST_HOST = "$(BUILT_PRODUCTS_DIR)/CustomDataTypesSwift.app/$(BUNDLE_EXECUTABLE_FOLDER_PATH)/CustomDataTypesSwift";
			};
			name = Release;
		};
/* End XCBuildConfiguration section */

/* Begin XCConfigurationList section */
		A1533D9B2C4A5E720097B977 /* Build configuration list for PBXProject "CustomDataTypesSwift" */ = {
			isa = XCConfigurationList;
			buildConfigurations = (
				A1533DAC2C4A5E740097B977 /* Debug */,
				A1533DAD2C4A5E740097B977 /* Release */,
			);
			defaultConfigurationIsVisible = 0;
			defaultConfigurationName = Release;
		};
		A1533DAE2C4A5E740097B977 /* Build configuration list for PBXNativeTarget "CustomDataTypesSwift" */ = {
			isa = XCConfigurationList;
			buildConfigurations = (
				A1533DAF2C4A5E740097B977 /* Debug */,
				A1533DB02C4A5E740097B977 /* Release */,
			);
			defaultConfigurationIsVisible = 0;
			defaultConfigurationName = Release;
		};
		A1533DC02C4A67460097B977 /* Build configuration list for PBXNativeTarget "StackSwiftTests" */ = {
			isa = XCConfigurationList;
			buildConfigurations = (
				A1533DC12C4A67460097B977 /* Debug */,
				A1533DC22C4A67460097B977 /* Release */,
			);
			defaultConfigurationIsVisible = 0;
			defaultConfigurationName = Release;
		};
		A1533DCF2C4A70E90097B977 /* Build configuration list for PBXNativeTarget "QueueSwiftTests" */ = {
			isa = XCConfigurationList;
			buildConfigurations = (
				A1533DD02C4A70E90097B977 /* Debug */,
				A1533DD12C4A70E90097B977 /* Release */,
			);
			defaultConfigurationIsVisible = 0;
			defaultConfigurationName = Release;
		};
/* End XCConfigurationList section */
	};
	rootObject = A1533D982C4A5E720097B977 /* Project object */;
}
